
Microsoft Visual Studio Solution File, Format Version 12.00
# Visual Studio Version 16
VisualStudioVersion = 16.0.30320.27
MinimumVisualStudioVersion = 10.0.40219.1
Project("{9A19103F-16F7-4668-BE54-9A1E7A4F7556}") = "Thut.Core", "src\Thut.Core\Thut.Core.csproj", "{FACE406E-8E9E-48E2-B2B3-5D5068DD6F7D}"
EndProject
Project("{FAE04EC0-301F-11D3-BF4B-00C04F79EFBC}") = "Thut.WebServiceTwitter", "src\Thut.WebServiceTwitter\Thut.WebServiceTwitter.csproj", "{A1D53661-1BBA-44D1-9148-FEDA441372A9}"
EndProject
Global
	GlobalSection(SolutionConfigurationPlatforms) = preSolution
		Debug|Any CPU = Debug|Any CPU
		Release|Any CPU = Release|Any CPU
	EndGlobalSection
	GlobalSection(ProjectConfigurationPlatforms) = postSolution
		{FACE406E-8E9E-48E2-B2B3-5D5068DD6F7D}.Debug|Any CPU.ActiveCfg = Debug|Any CPU
		{FACE406E-8E9E-48E2-B2B3-5D5068DD6F7D}.Debug|Any CPU.Build.0 = Debug|Any CPU
		{FACE406E-8E9E-48E2-B2B3-5D5068DD6F7D}.Release|Any CPU.ActiveCfg = Release|Any CPU
		{FACE406E-8E9E-48E2-B2B3-5D5068DD6F7D}.Release|Any CPU.Build.0 = Release|Any CPU
		{A1D53661-1BBA-44D1-9148-FEDA441372A9}.Debug|Any CPU.ActiveCfg = Debug|Any CPU
		{A1D53661-1BBA-44D1-9148-FEDA441372A9}.Debug|Any CPU.Build.0 = Debug|Any CPU
		{A1D53661-1BBA-44D1-9148-FEDA441372A9}.Release|Any CPU.ActiveCfg = Release|Any CPU
		{A1D53661-1BBA-44D1-9148-FEDA441372A9}.Release|Any CPU.Build.0 = Release|Any CPU
	EndGlobalSection
	GlobalSection(SolutionProperties) = preSolution
		HideSolutionNode = FALSE
	EndGlobalSection
	GlobalSection(ExtensibilityGlobals) = postSolution
		SolutionGuid = {E87824E7-BD55-4177-9F1D-A84115519953}
	EndGlobalSection
EndGlobal
